
Microsoft Visual Studio Solution File, Format Version 12.00
# Visual Studio Version 17
VisualStudioVersion = 17.3.32819.101
MinimumVisualStudioVersion = 10.0.40219.1
Project("{FAE04EC0-301F-11D3-BF4B-00C04F79EFBC}") = "Host", "AnimalShelter\Host.csproj", "{1422A42B-8477-43AA-88BA-F18EF1C13264}"
EndProject
Project("{FAE04EC0-301F-11D3-BF4B-00C04F79EFBC}") = "Application", "Application\Application.csproj", "{83628E97-E789-4823-8186-A218BE590CD1}"
EndProject
Project("{FAE04EC0-301F-11D3-BF4B-00C04F79EFBC}") = "Core", "Core\Core.csproj", "{C08A8DDE-C9E0-49F3-8FA2-76FFEA25BB15}"
EndProject
Project("{FAE04EC0-301F-11D3-BF4B-00C04F79EFBC}") = "DataAccess", "DataAccess\DataAccess.csproj", "{64147959-6057-433B-AA74-B424B72016C7}"
EndProject
Project("{FAE04EC0-301F-11D3-BF4B-00C04F79EFBC}") = "WebApi", "WebApi\WebApi.csproj", "{B88CE30E-B7BC-4355-8AE4-C2B63756E34E}"
EndProject
Global
	GlobalSection(SolutionConfigurationPlatforms) = preSolution
		Debug|Any CPU = Debug|Any CPU
		Release|Any CPU = Release|Any CPU
	EndGlobalSection
	GlobalSection(ProjectConfigurationPlatforms) = postSolution
		{1422A42B-8477-43AA-88BA-F18EF1C13264}.Debug|Any CPU.ActiveCfg = Debug|Any CPU
		{1422A42B-8477-43AA-88BA-F18EF1C13264}.Debug|Any CPU.Build.0 = Debug|Any CPU
		{1422A42B-8477-43AA-88BA-F18EF1C13264}.Release|Any CPU.ActiveCfg = Release|Any CPU
		{1422A42B-8477-43AA-88BA-F18EF1C13264}.Release|Any CPU.Build.0 = Release|Any CPU
		{83628E97-E789-4823-8186-A218BE590CD1}.Debug|Any CPU.ActiveCfg = Debug|Any CPU
		{83628E97-E789-4823-8186-A218BE590CD1}.Debug|Any CPU.Build.0 = Debug|Any CPU
		{83628E97-E789-4823-8186-A218BE590CD1}.Release|Any CPU.ActiveCfg = Release|Any CPU
		{83628E97-E789-4823-8186-A218BE590CD1}.Release|Any CPU.Build.0 = Release|Any CPU
		{C08A8DDE-C9E0-49F3-8FA2-76FFEA25BB15}.Debug|Any CPU.ActiveCfg = Debug|Any CPU
		{C08A8DDE-C9E0-49F3-8FA2-76FFEA25BB15}.Debug|Any CPU.Build.0 = Debug|Any CPU
		{C08A8DDE-C9E0-49F3-8FA2-76FFEA25BB15}.Release|Any CPU.ActiveCfg = Release|Any CPU
		{C08A8DDE-C9E0-49F3-8FA2-76FFEA25BB15}.Release|Any CPU.Build.0 = Release|Any CPU
		{64147959-6057-433B-AA74-B424B72016C7}.Debug|Any CPU.ActiveCfg = Debug|Any CPU
		{64147959-6057-433B-AA74-B424B72016C7}.Debug|Any CPU.Build.0 = Debug|Any CPU
		{64147959-6057-433B-AA74-B424B72016C7}.Release|Any CPU.ActiveCfg = Release|Any CPU
		{64147959-6057-433B-AA74-B424B72016C7}.Release|Any CPU.Build.0 = Release|Any CPU
		{B88CE30E-B7BC-4355-8AE4-C2B63756E34E}.Debug|Any CPU.ActiveCfg = Debug|Any CPU
		{B88CE30E-B7BC-4355-8AE4-C2B63756E34E}.Debug|Any CPU.Build.0 = Debug|Any CPU
		{B88CE30E-B7BC-4355-8AE4-C2B63756E34E}.Release|Any CPU.ActiveCfg = Release|Any CPU
		{B88CE30E-B7BC-4355-8AE4-C2B63756E34E}.Release|Any CPU.Build.0 = Release|Any CPU
	EndGlobalSection
	GlobalSection(SolutionProperties) = preSolution
		HideSolutionNode = FALSE
	EndGlobalSection
	GlobalSection(ExtensibilityGlobals) = postSolution
		SolutionGuid = {F8C68D58-4618-4162-A22F-75AA855E874F}
	EndGlobalSection
EndGlobal
